
Microsoft Visual Studio Solution File, Format Version 12.00
# Visual Studio Version 17
VisualStudioVersion = 17.4.33103.184
MinimumVisualStudioVersion = 10.0.40219.1
Project("{FAE04EC0-301F-11D3-BF4B-00C04F79EFBC}") = "BlazorMud", "BlazorMud\BlazorMud.csproj", "{6A420305-9594-4122-A458-FF7763F0A4DD}"
EndProject
Global
	GlobalSection(SolutionConfigurationPlatforms) = preSolution
		Debug|Any CPU = Debug|Any CPU
		Release|Any CPU = Release|Any CPU
	EndGlobalSection
	GlobalSection(ProjectConfigurationPlatforms) = postSolution
		{6A420305-9594-4122-A458-FF7763F0A4DD}.Debug|Any CPU.ActiveCfg = Debug|Any CPU
		{6A420305-9594-4122-A458-FF7763F0A4DD}.Debug|Any CPU.Build.0 = Debug|Any CPU
		{6A420305-9594-4122-A458-FF7763F0A4DD}.Release|Any CPU.ActiveCfg = Release|Any CPU
		{6A420305-9594-4122-A458-FF7763F0A4DD}.Release|Any CPU.Build.0 = Release|Any CPU
	EndGlobalSection
	GlobalSection(SolutionProperties) = preSolution
		HideSolutionNode = FALSE
	EndGlobalSection
	GlobalSection(ExtensibilityGlobals) = postSolution
		SolutionGuid = {44B53322-D5B1-46B3-AEFD-D91E8F1C8C07}
	EndGlobalSection
EndGlobal
